
Microsoft Visual Studio Solution File, Format Version 12.00
# Visual Studio Version 16
VisualStudioVersion = 16.0.29806.167
MinimumVisualStudioVersion = 10.0.40219.1
Project("{FAE04EC0-301F-11D3-BF4B-00C04F79EFBC}") = "TP3_2019-2020", "TP3_2019-2020\TP3_2019-2020.csproj", "{7DF55037-2593-4913-8EC3-03F18C104567}"
EndProject
Global
	GlobalSection(SolutionConfigurationPlatforms) = preSolution
		Debug|Any CPU = Debug|Any CPU
		Release|Any CPU = Release|Any CPU
	EndGlobalSection
	GlobalSection(ProjectConfigurationPlatforms) = postSolution
		{7DF55037-2593-4913-8EC3-03F18C104567}.Debug|Any CPU.ActiveCfg = Debug|Any CPU
		{7DF55037-2593-4913-8EC3-03F18C104567}.Debug|Any CPU.Build.0 = Debug|Any CPU
		{7DF55037-2593-4913-8EC3-03F18C104567}.Release|Any CPU.ActiveCfg = Release|Any CPU
		{7DF55037-2593-4913-8EC3-03F18C104567}.Release|Any CPU.Build.0 = Release|Any CPU
	EndGlobalSection
	GlobalSection(SolutionProperties) = preSolution
		HideSolutionNode = FALSE
	EndGlobalSection
	GlobalSection(ExtensibilityGlobals) = postSolution
		SolutionGuid = {3BAFC201-8295-42C6-B63D-2298C15B2F3B}
	EndGlobalSection
EndGlobal
